<Solution>
  <Project Path="SpeechToText.Runtime.csproj" />
  <Project Path="Assembly-CSharp.csproj" />
  <Project Path="Scripts.csproj" />
  <Project Path="EditModeTest.csproj" />
  <Project Path="Assembly-CSharp-Editor.csproj" />
  <Project Path="Tests.csproj" />
  <Project Path="SpeechToText.Editor.csproj" />
</Solution>
