
Microsoft Visual Studio Solution File, Format Version 12.00
# Visual Studio 15
Project("{FAE04EC0-301F-11D3-BF4B-00C04F79EFBC}") = "Assembly-CSharp-Editor", "Assembly-CSharp-Editor.csproj", "{98680C2F-3229-8D2E-3E3D-148F868B36A5}"
EndProject
Project("{FAE04EC0-301F-11D3-BF4B-00C04F79EFBC}") = "Assembly-CSharp", "Assembly-CSharp.csproj", "{57748A2F-CD21-44B4-C219-C347F56CED30}"
EndProject
Project("{FAE04EC0-301F-11D3-BF4B-00C04F79EFBC}") = "PlayerTests", "PlayerTests.csproj", "{A5228FE4-A9C0-12D5-46FF-CF625D01A891}"
EndProject
Project("{FAE04EC0-301F-11D3-BF4B-00C04F79EFBC}") = "Scripts", "Scripts.csproj", "{ED7C9453-C1FD-5CF4-1EC9-E6BF5AB71A28}"
EndProject
Global
	GlobalSection(SolutionConfigurationPlatforms) = preSolution
		Debug|Any CPU = Debug|Any CPU
		Release|Any CPU = Release|Any CPU
	EndGlobalSection
	GlobalSection(ProjectConfigurationPlatforms) = postSolution
		{98680C2F-3229-8D2E-3E3D-148F868B36A5}.Debug|Any CPU.ActiveCfg = Debug|Any CPU
		{98680C2F-3229-8D2E-3E3D-148F868B36A5}.Debug|Any CPU.Build.0 = Debug|Any CPU
		{98680C2F-3229-8D2E-3E3D-148F868B36A5}.Release|Any CPU.ActiveCfg = Release|Any CPU
		{98680C2F-3229-8D2E-3E3D-148F868B36A5}.Release|Any CPU.Build.0 = Release|Any CPU
		{57748A2F-CD21-44B4-C219-C347F56CED30}.Debug|Any CPU.ActiveCfg = Debug|Any CPU
		{57748A2F-CD21-44B4-C219-C347F56CED30}.Debug|Any CPU.Build.0 = Debug|Any CPU
		{57748A2F-CD21-44B4-C219-C347F56CED30}.Release|Any CPU.ActiveCfg = Release|Any CPU
		{57748A2F-CD21-44B4-C219-C347F56CED30}.Release|Any CPU.Build.0 = Release|Any CPU
		{A5228FE4-A9C0-12D5-46FF-CF625D01A891}.Debug|Any CPU.ActiveCfg = Debug|Any CPU
		{A5228FE4-A9C0-12D5-46FF-CF625D01A891}.Debug|Any CPU.Build.0 = Debug|Any CPU
		{A5228FE4-A9C0-12D5-46FF-CF625D01A891}.Release|Any CPU.ActiveCfg = Release|Any CPU
		{A5228FE4-A9C0-12D5-46FF-CF625D01A891}.Release|Any CPU.Build.0 = Release|Any CPU
		{ED7C9453-C1FD-5CF4-1EC9-E6BF5AB71A28}.Debug|Any CPU.ActiveCfg = Debug|Any CPU
		{ED7C9453-C1FD-5CF4-1EC9-E6BF5AB71A28}.Debug|Any CPU.Build.0 = Debug|Any CPU
		{ED7C9453-C1FD-5CF4-1EC9-E6BF5AB71A28}.Release|Any CPU.ActiveCfg = Release|Any CPU
		{ED7C9453-C1FD-5CF4-1EC9-E6BF5AB71A28}.Release|Any CPU.Build.0 = Release|Any CPU
	EndGlobalSection
	GlobalSection(SolutionProperties) = preSolution
		HideSolutionNode = FALSE
	EndGlobalSection
EndGlobal
